
Microsoft Visual Studio Solution File, Format Version 12.00
# Visual Studio Version 17
VisualStudioVersion = 17.0.31903.59
MinimumVisualStudioVersion = 10.0.40219.1
Project("{2150E333-8FDC-42A3-9474-1A3956D46DE8}") = "src", "src", "{827E0CD3-B72D-47B6-A68D-7590B98EB39B}"
EndProject
Project("{FAE04EC0-301F-11D3-BF4B-00C04F79EFBC}") = "WebCADServices.Contracts", "src\WebCADServices.Contracts\WebCADServices.Contracts.csproj", "{15CA3654-A697-4845-A587-C7DEFE22B903}"
EndProject
Project("{FAE04EC0-301F-11D3-BF4B-00C04F79EFBC}") = "WebCADServices.Gateway", "src\WebCADServices.Gateway\WebCADServices.Gateway.csproj", "{FBF315D7-BC96-4F5F-8587-5B0967A0FBAB}"
EndProject
Project("{FAE04EC0-301F-11D3-BF4B-00C04F79EFBC}") = "WebCADServices.Host", "src\WebCADServices.Host\WebCADServices.Host.csproj", "{CC120796-40EE-4D7C-94D4-519215A62D88}"
EndProject
Project("{FAE04EC0-301F-11D3-BF4B-00C04F79EFBC}") = "WebCADServices.Runtime", "src\WebCADServices.Runtime\WebCADServices.Runtime.csproj", "{24F5DCBC-A94F-4AB5-97DC-0A0A89272CBD}"
EndProject
Project("{FAE04EC0-301F-11D3-BF4B-00C04F79EFBC}") = "WebCADServices.Logo", "src\WebCADServices.Logo\WebCADServices.Logo.csproj", "{939CB1A5-6747-481C-8560-F5C887F8604B}"
EndProject
Project("{2150E333-8FDC-42A3-9474-1A3956D46DE8}") = "modules", "modules", "{CA253913-39DE-BFD0-C9A3-4B7EC6FBDF17}"
EndProject
Project("{2150E333-8FDC-42A3-9474-1A3956D46DE8}") = "LogoVector", "LogoVector", "{F746D6E6-DE16-80C6-2F63-8AFFCDC48EF0}"
EndProject
Project("{2150E333-8FDC-42A3-9474-1A3956D46DE8}") = "src", "src", "{9C9ACE0F-DE04-D728-38A8-C8EBE95EB118}"
EndProject
Project("{FAE04EC0-301F-11D3-BF4B-00C04F79EFBC}") = "LogoVector.Contracts", "modules\LogoVector\src\LogoVector.Contracts\LogoVector.Contracts.csproj", "{0235725E-0E84-48B7-B18A-ED61A364C64E}"
EndProject
Project("{FAE04EC0-301F-11D3-BF4B-00C04F79EFBC}") = "LogoVector.Geometry", "modules\LogoVector\src\LogoVector.Geometry\LogoVector.Geometry.csproj", "{C6BE80F2-28DE-4ABA-9E93-596233D859F4}"
EndProject
Project("{FAE04EC0-301F-11D3-BF4B-00C04F79EFBC}") = "LogoVector.Worker", "modules\LogoVector\src\LogoVector.Worker\LogoVector.Worker.csproj", "{F2543766-6034-463F-AFE4-75F98E5FA239}"
EndProject
Project("{2150E333-8FDC-42A3-9474-1A3956D46DE8}") = "tests", "tests", "{B059EB3F-9D14-4F62-29CC-D9D18859423F}"
EndProject
Project("{FAE04EC0-301F-11D3-BF4B-00C04F79EFBC}") = "Smoke", "modules\LogoVector\tests\Smoke\Smoke.csproj", "{6620F44C-7289-46B3-B422-99096DA9352A}"
EndProject
Project("{FAE04EC0-301F-11D3-BF4B-00C04F79EFBC}") = "LogoVector.Converter", "modules\LogoVector\src\LogoVector.Converter\LogoVector.Converter.csproj", "{A445962B-B3FB-4CE6-A2F0-A78FEAEB0043}"
EndProject
Global
	GlobalSection(SolutionConfigurationPlatforms) = preSolution
		Debug|Any CPU = Debug|Any CPU
		Debug|x64 = Debug|x64
		Debug|x86 = Debug|x86
		Release|Any CPU = Release|Any CPU
		Release|x64 = Release|x64
		Release|x86 = Release|x86
	EndGlobalSection
	GlobalSection(ProjectConfigurationPlatforms) = postSolution
		{15CA3654-A697-4845-A587-C7DEFE22B903}.Debug|Any CPU.ActiveCfg = Debug|Any CPU
		{15CA3654-A697-4845-A587-C7DEFE22B903}.Debug|Any CPU.Build.0 = Debug|Any CPU
		{15CA3654-A697-4845-A587-C7DEFE22B903}.Debug|x64.ActiveCfg = Debug|Any CPU
		{15CA3654-A697-4845-A587-C7DEFE22B903}.Debug|x64.Build.0 = Debug|Any CPU
		{15CA3654-A697-4845-A587-C7DEFE22B903}.Debug|x86.ActiveCfg = Debug|Any CPU
		{15CA3654-A697-4845-A587-C7DEFE22B903}.Debug|x86.Build.0 = Debug|Any CPU
		{15CA3654-A697-4845-A587-C7DEFE22B903}.Release|Any CPU.ActiveCfg = Release|Any CPU
		{15CA3654-A697-4845-A587-C7DEFE22B903}.Release|Any CPU.Build.0 = Release|Any CPU
		{15CA3654-A697-4845-A587-C7DEFE22B903}.Release|x64.ActiveCfg = Release|Any CPU
		{15CA3654-A697-4845-A587-C7DEFE22B903}.Release|x64.Build.0 = Release|Any CPU
		{15CA3654-A697-4845-A587-C7DEFE22B903}.Release|x86.ActiveCfg = Release|Any CPU
		{15CA3654-A697-4845-A587-C7DEFE22B903}.Release|x86.Build.0 = Release|Any CPU
		{FBF315D7-BC96-4F5F-8587-5B0967A0FBAB}.Debug|Any CPU.ActiveCfg = Debug|Any CPU
		{FBF315D7-BC96-4F5F-8587-5B0967A0FBAB}.Debug|Any CPU.Build.0 = Debug|Any CPU
		{FBF315D7-BC96-4F5F-8587-5B0967A0FBAB}.Debug|x64.ActiveCfg = Debug|Any CPU
		{FBF315D7-BC96-4F5F-8587-5B0967A0FBAB}.Debug|x64.Build.0 = Debug|Any CPU
		{FBF315D7-BC96-4F5F-8587-5B0967A0FBAB}.Debug|x86.ActiveCfg = Debug|Any CPU
		{FBF315D7-BC96-4F5F-8587-5B0967A0FBAB}.Debug|x86.Build.0 = Debug|Any CPU
		{FBF315D7-BC96-4F5F-8587-5B0967A0FBAB}.Release|Any CPU.ActiveCfg = Release|Any CPU
		{FBF315D7-BC96-4F5F-8587-5B0967A0FBAB}.Release|Any CPU.Build.0 = Release|Any CPU
		{FBF315D7-BC96-4F5F-8587-5B0967A0FBAB}.Release|x64.ActiveCfg = Release|Any CPU
		{FBF315D7-BC96-4F5F-8587-5B0967A0FBAB}.Release|x64.Build.0 = Release|Any CPU
		{FBF315D7-BC96-4F5F-8587-5B0967A0FBAB}.Release|x86.ActiveCfg = Release|Any CPU
		{FBF315D7-BC96-4F5F-8587-5B0967A0FBAB}.Release|x86.Build.0 = Release|Any CPU
		{CC120796-40EE-4D7C-94D4-519215A62D88}.Debug|Any CPU.ActiveCfg = Debug|Any CPU
		{CC120796-40EE-4D7C-94D4-519215A62D88}.Debug|Any CPU.Build.0 = Debug|Any CPU
		{CC120796-40EE-4D7C-94D4-519215A62D88}.Debug|x64.ActiveCfg = Debug|Any CPU
		{CC120796-40EE-4D7C-94D4-519215A62D88}.Debug|x64.Build.0 = Debug|Any CPU
		{CC120796-40EE-4D7C-94D4-519215A62D88}.Debug|x86.ActiveCfg = Debug|Any CPU
		{CC120796-40EE-4D7C-94D4-519215A62D88}.Debug|x86.Build.0 = Debug|Any CPU
		{CC120796-40EE-4D7C-94D4-519215A62D88}.Release|Any CPU.ActiveCfg = Release|Any CPU
		{CC120796-40EE-4D7C-94D4-519215A62D88}.Release|Any CPU.Build.0 = Release|Any CPU
		{CC120796-40EE-4D7C-94D4-519215A62D88}.Release|x64.ActiveCfg = Release|Any CPU
		{CC120796-40EE-4D7C-94D4-519215A62D88}.Release|x64.Build.0 = Release|Any CPU
		{CC120796-40EE-4D7C-94D4-519215A62D88}.Release|x86.ActiveCfg = Release|Any CPU
		{CC120796-40EE-4D7C-94D4-519215A62D88}.Release|x86.Build.0 = Release|Any CPU
		{24F5DCBC-A94F-4AB5-97DC-0A0A89272CBD}.Debug|Any CPU.ActiveCfg = Debug|Any CPU
		{24F5DCBC-A94F-4AB5-97DC-0A0A89272CBD}.Debug|Any CPU.Build.0 = Debug|Any CPU
		{24F5DCBC-A94F-4AB5-97DC-0A0A89272CBD}.Debug|x64.ActiveCfg = Debug|Any CPU
		{24F5DCBC-A94F-4AB5-97DC-0A0A89272CBD}.Debug|x64.Build.0 = Debug|Any CPU
		{24F5DCBC-A94F-4AB5-97DC-0A0A89272CBD}.Debug|x86.ActiveCfg = Debug|Any CPU
		{24F5DCBC-A94F-4AB5-97DC-0A0A89272CBD}.Debug|x86.Build.0 = Debug|Any CPU
		{24F5DCBC-A94F-4AB5-97DC-0A0A89272CBD}.Release|Any CPU.ActiveCfg = Release|Any CPU
		{24F5DCBC-A94F-4AB5-97DC-0A0A89272CBD}.Release|Any CPU.Build.0 = Release|Any CPU
		{24F5DCBC-A94F-4AB5-97DC-0A0A89272CBD}.Release|x64.ActiveCfg = Release|Any CPU
		{24F5DCBC-A94F-4AB5-97DC-0A0A89272CBD}.Release|x64.Build.0 = Release|Any CPU
		{24F5DCBC-A94F-4AB5-97DC-0A0A89272CBD}.Release|x86.ActiveCfg = Release|Any CPU
		{24F5DCBC-A94F-4AB5-97DC-0A0A89272CBD}.Release|x86.Build.0 = Release|Any CPU
		{939CB1A5-6747-481C-8560-F5C887F8604B}.Debug|Any CPU.ActiveCfg = Debug|Any CPU
		{939CB1A5-6747-481C-8560-F5C887F8604B}.Debug|Any CPU.Build.0 = Debug|Any CPU
		{939CB1A5-6747-481C-8560-F5C887F8604B}.Debug|x64.ActiveCfg = Debug|Any CPU
		{939CB1A5-6747-481C-8560-F5C887F8604B}.Debug|x64.Build.0 = Debug|Any CPU
		{939CB1A5-6747-481C-8560-F5C887F8604B}.Debug|x86.ActiveCfg = Debug|Any CPU
		{939CB1A5-6747-481C-8560-F5C887F8604B}.Debug|x86.Build.0 = Debug|Any CPU
		{939CB1A5-6747-481C-8560-F5C887F8604B}.Release|Any CPU.ActiveCfg = Release|Any CPU
		{939CB1A5-6747-481C-8560-F5C887F8604B}.Release|Any CPU.Build.0 = Release|Any CPU
		{939CB1A5-6747-481C-8560-F5C887F8604B}.Release|x64.ActiveCfg = Release|Any CPU
		{939CB1A5-6747-481C-8560-F5C887F8604B}.Release|x64.Build.0 = Release|Any CPU
		{939CB1A5-6747-481C-8560-F5C887F8604B}.Release|x86.ActiveCfg = Release|Any CPU
		{939CB1A5-6747-481C-8560-F5C887F8604B}.Release|x86.Build.0 = Release|Any CPU
		{0235725E-0E84-48B7-B18A-ED61A364C64E}.Debug|Any CPU.ActiveCfg = Debug|Any CPU
		{0235725E-0E84-48B7-B18A-ED61A364C64E}.Debug|Any CPU.Build.0 = Debug|Any CPU
		{0235725E-0E84-48B7-B18A-ED61A364C64E}.Debug|x64.ActiveCfg = Debug|Any CPU
		{0235725E-0E84-48B7-B18A-ED61A364C64E}.Debug|x64.Build.0 = Debug|Any CPU
		{0235725E-0E84-48B7-B18A-ED61A364C64E}.Debug|x86.ActiveCfg = Debug|Any CPU
		{0235725E-0E84-48B7-B18A-ED61A364C64E}.Debug|x86.Build.0 = Debug|Any CPU
		{0235725E-0E84-48B7-B18A-ED61A364C64E}.Release|Any CPU.ActiveCfg = Release|Any CPU
		{0235725E-0E84-48B7-B18A-ED61A364C64E}.Release|Any CPU.Build.0 = Release|Any CPU
		{0235725E-0E84-48B7-B18A-ED61A364C64E}.Release|x64.ActiveCfg = Release|Any CPU
		{0235725E-0E84-48B7-B18A-ED61A364C64E}.Release|x64.Build.0 = Release|Any CPU
		{0235725E-0E84-48B7-B18A-ED61A364C64E}.Release|x86.ActiveCfg = Release|Any CPU
		{0235725E-0E84-48B7-B18A-ED61A364C64E}.Release|x86.Build.0 = Release|Any CPU
		{C6BE80F2-28DE-4ABA-9E93-596233D859F4}.Debug|Any CPU.ActiveCfg = Debug|Any CPU
		{C6BE80F2-28DE-4ABA-9E93-596233D859F4}.Debug|Any CPU.Build.0 = Debug|Any CPU
		{C6BE80F2-28DE-4ABA-9E93-596233D859F4}.Debug|x64.ActiveCfg = Debug|Any CPU
		{C6BE80F2-28DE-4ABA-9E93-596233D859F4}.Debug|x64.Build.0 = Debug|Any CPU
		{C6BE80F2-28DE-4ABA-9E93-596233D859F4}.Debug|x86.ActiveCfg = Debug|Any CPU
		{C6BE80F2-28DE-4ABA-9E93-596233D859F4}.Debug|x86.Build.0 = Debug|Any CPU
		{C6BE80F2-28DE-4ABA-9E93-596233D859F4}.Release|Any CPU.ActiveCfg = Release|Any CPU
		{C6BE80F2-28DE-4ABA-9E93-596233D859F4}.Release|Any CPU.Build.0 = Release|Any CPU
		{C6BE80F2-28DE-4ABA-9E93-596233D859F4}.Release|x64.ActiveCfg = Release|Any CPU
		{C6BE80F2-28DE-4ABA-9E93-596233D859F4}.Release|x64.Build.0 = Release|Any CPU
		{C6BE80F2-28DE-4ABA-9E93-596233D859F4}.Release|x86.ActiveCfg = Release|Any CPU
		{C6BE80F2-28DE-4ABA-9E93-596233D859F4}.Release|x86.Build.0 = Release|Any CPU
		{F2543766-6034-463F-AFE4-75F98E5FA239}.Debug|Any CPU.ActiveCfg = Debug|Any CPU
		{F2543766-6034-463F-AFE4-75F98E5FA239}.Debug|Any CPU.Build.0 = Debug|Any CPU
		{F2543766-6034-463F-AFE4-75F98E5FA239}.Debug|x64.ActiveCfg = Debug|Any CPU
		{F2543766-6034-463F-AFE4-75F98E5FA239}.Debug|x64.Build.0 = Debug|Any CPU
		{F2543766-6034-463F-AFE4-75F98E5FA239}.Debug|x86.ActiveCfg = Debug|Any CPU
		{F2543766-6034-463F-AFE4-75F98E5FA239}.Debug|x86.Build.0 = Debug|Any CPU
		{F2543766-6034-463F-AFE4-75F98E5FA239}.Release|Any CPU.ActiveCfg = Release|Any CPU
		{F2543766-6034-463F-AFE4-75F98E5FA239}.Release|Any CPU.Build.0 = Release|Any CPU
		{F2543766-6034-463F-AFE4-75F98E5FA239}.Release|x64.ActiveCfg = Release|Any CPU
		{F2543766-6034-463F-AFE4-75F98E5FA239}.Release|x64.Build.0 = Release|Any CPU
		{F2543766-6034-463F-AFE4-75F98E5FA239}.Release|x86.ActiveCfg = Release|Any CPU
		{F2543766-6034-463F-AFE4-75F98E5FA239}.Release|x86.Build.0 = Release|Any CPU
		{6620F44C-7289-46B3-B422-99096DA9352A}.Debug|Any CPU.ActiveCfg = Debug|Any CPU
		{6620F44C-7289-46B3-B422-99096DA9352A}.Debug|Any CPU.Build.0 = Debug|Any CPU
		{6620F44C-7289-46B3-B422-99096DA9352A}.Debug|x64.ActiveCfg = Debug|Any CPU
		{6620F44C-7289-46B3-B422-99096DA9352A}.Debug|x64.Build.0 = Debug|Any CPU
		{6620F44C-7289-46B3-B422-99096DA9352A}.Debug|x86.ActiveCfg = Debug|Any CPU
		{6620F44C-7289-46B3-B422-99096DA9352A}.Debug|x86.Build.0 = Debug|Any CPU
		{6620F44C-7289-46B3-B422-99096DA9352A}.Release|Any CPU.ActiveCfg = Release|Any CPU
		{6620F44C-7289-46B3-B422-99096DA9352A}.Release|Any CPU.Build.0 = Release|Any CPU
		{6620F44C-7289-46B3-B422-99096DA9352A}.Release|x64.ActiveCfg = Release|Any CPU
		{6620F44C-7289-46B3-B422-99096DA9352A}.Release|x64.Build.0 = Release|Any CPU
		{6620F44C-7289-46B3-B422-99096DA9352A}.Release|x86.ActiveCfg = Release|Any CPU
		{6620F44C-7289-46B3-B422-99096DA9352A}.Release|x86.Build.0 = Release|Any CPU
		{A445962B-B3FB-4CE6-A2F0-A78FEAEB0043}.Debug|Any CPU.ActiveCfg = Debug|Any CPU
		{A445962B-B3FB-4CE6-A2F0-A78FEAEB0043}.Debug|Any CPU.Build.0 = Debug|Any CPU
		{A445962B-B3FB-4CE6-A2F0-A78FEAEB0043}.Debug|x64.ActiveCfg = Debug|Any CPU
		{A445962B-B3FB-4CE6-A2F0-A78FEAEB0043}.Debug|x64.Build.0 = Debug|Any CPU
		{A445962B-B3FB-4CE6-A2F0-A78FEAEB0043}.Debug|x86.ActiveCfg = Debug|Any CPU
		{A445962B-B3FB-4CE6-A2F0-A78FEAEB0043}.Debug|x86.Build.0 = Debug|Any CPU
		{A445962B-B3FB-4CE6-A2F0-A78FEAEB0043}.Release|Any CPU.ActiveCfg = Release|Any CPU
		{A445962B-B3FB-4CE6-A2F0-A78FEAEB0043}.Release|Any CPU.Build.0 = Release|Any CPU
		{A445962B-B3FB-4CE6-A2F0-A78FEAEB0043}.Release|x64.ActiveCfg = Release|Any CPU
		{A445962B-B3FB-4CE6-A2F0-A78FEAEB0043}.Release|x64.Build.0 = Release|Any CPU
		{A445962B-B3FB-4CE6-A2F0-A78FEAEB0043}.Release|x86.ActiveCfg = Release|Any CPU
		{A445962B-B3FB-4CE6-A2F0-A78FEAEB0043}.Release|x86.Build.0 = Release|Any CPU
	EndGlobalSection
	GlobalSection(SolutionProperties) = preSolution
		HideSolutionNode = FALSE
	EndGlobalSection
	GlobalSection(NestedProjects) = preSolution
		{15CA3654-A697-4845-A587-C7DEFE22B903} = {827E0CD3-B72D-47B6-A68D-7590B98EB39B}
		{FBF315D7-BC96-4F5F-8587-5B0967A0FBAB} = {827E0CD3-B72D-47B6-A68D-7590B98EB39B}
		{CC120796-40EE-4D7C-94D4-519215A62D88} = {827E0CD3-B72D-47B6-A68D-7590B98EB39B}
		{24F5DCBC-A94F-4AB5-97DC-0A0A89272CBD} = {827E0CD3-B72D-47B6-A68D-7590B98EB39B}
		{939CB1A5-6747-481C-8560-F5C887F8604B} = {827E0CD3-B72D-47B6-A68D-7590B98EB39B}
		{F746D6E6-DE16-80C6-2F63-8AFFCDC48EF0} = {CA253913-39DE-BFD0-C9A3-4B7EC6FBDF17}
		{9C9ACE0F-DE04-D728-38A8-C8EBE95EB118} = {F746D6E6-DE16-80C6-2F63-8AFFCDC48EF0}
		{0235725E-0E84-48B7-B18A-ED61A364C64E} = {9C9ACE0F-DE04-D728-38A8-C8EBE95EB118}
		{C6BE80F2-28DE-4ABA-9E93-596233D859F4} = {9C9ACE0F-DE04-D728-38A8-C8EBE95EB118}
		{F2543766-6034-463F-AFE4-75F98E5FA239} = {9C9ACE0F-DE04-D728-38A8-C8EBE95EB118}
		{B059EB3F-9D14-4F62-29CC-D9D18859423F} = {F746D6E6-DE16-80C6-2F63-8AFFCDC48EF0}
		{6620F44C-7289-46B3-B422-99096DA9352A} = {B059EB3F-9D14-4F62-29CC-D9D18859423F}
		{A445962B-B3FB-4CE6-A2F0-A78FEAEB0043} = {9C9ACE0F-DE04-D728-38A8-C8EBE95EB118}
	EndGlobalSection
EndGlobal
